// !$*UTF8*$!
{
	archiveVersion = 1;
	classes = {
	};
	objectVersion = 50;
	objects = {

/* Begin PBXBuildFile section */
		6B19743D25C9613300B611A0 /* NavigationBarGradient.swift in Sources */ = {isa = PBXBuildFile; fileRef = 6B19743C25C9613200B611A0 /* NavigationBarGradient.swift */; };
		6BFF980F25C9253700D60BF3 /* AppDelegate.swift in Sources */ = {isa = PBXBuildFile; fileRef = 6BFF980E25C9253700D60BF3 /* AppDelegate.swift */; };
		6BFF981125C9253800D60BF3 /* SceneDelegate.swift in Sources */ = {isa = PBXBuildFile; fileRef = 6BFF981025C9253800D60BF3 /* SceneDelegate.swift */; };
		6BFF981325C9253800D60BF3 /* ViewController.swift in Sources */ = {isa = PBXBuildFile; fileRef = 6BFF981225C9253800D60BF3 /* ViewController.swift */; };
		6BFF981625C9253800D60BF3 /* Main.storyboard in Resources */ = {isa = PBXBuildFile; fileRef = 6BFF981425C9253800D60BF3 /* Main.storyboard */; };
		6BFF981825C9255100D60BF3 /* Assets.xcassets in Resources */ = {isa = PBXBuildFile; fileRef = 6BFF981725C9255100D60BF3 /* Assets.xcassets */; };
		6BFF981B25C9255100D60BF3 /* LaunchScreen.storyboard in Resources */ = {isa = PBXBuildFile; fileRef = 6BFF981925C9255100D60BF3 /* LaunchScreen.storyboard */; };
		6BFF982625C9255400D60BF3 /* OSATests.swift in Sources */ = {isa = PBXBuildFile; fileRef = 6BFF982525C9255400D60BF3 /* OSATests.swift */; };
		6BFF983125C9255400D60BF3 /* OSAUITests.swift in Sources */ = {isa = PBXBuildFile; fileRef = 6BFF983025C9255400D60BF3 /* OSAUITests.swift */; };
		6BFF984C25C92ACA00D60BF3 /* Montserrat-SemiBold.otf in Resources */ = {isa = PBXBuildFile; fileRef = 6BFF984125C92AC700D60BF3 /* Montserrat-SemiBold.otf */; };
		6BFF984D25C92ACA00D60BF3 /* MontserratAlternates-LightItalic.otf in Resources */ = {isa = PBXBuildFile; fileRef = 6BFF984225C92AC800D60BF3 /* MontserratAlternates-LightItalic.otf */; };
		6BFF984E25C92ACA00D60BF3 /* MontserratAlternates-Light.otf in Resources */ = {isa = PBXBuildFile; fileRef = 6BFF984325C92AC800D60BF3 /* MontserratAlternates-Light.otf */; };
		6BFF984F25C92ACA00D60BF3 /* MontserratAlternates-Medium.otf in Resources */ = {isa = PBXBuildFile; fileRef = 6BFF984425C92AC800D60BF3 /* MontserratAlternates-Medium.otf */; };
		6BFF985025C92ACA00D60BF3 /* Montserrat-MediumItalic.otf in Resources */ = {isa = PBXBuildFile; fileRef = 6BFF984525C92AC900D60BF3 /* Montserrat-MediumItalic.otf */; };
		6BFF985125C92ACA00D60BF3 /* MontserratAlternates-MediumItalic.otf in Resources */ = {isa = PBXBuildFile; fileRef = 6BFF984625C92AC900D60BF3 /* MontserratAlternates-MediumItalic.otf */; };
		6BFF985225C92ACA00D60BF3 /* Montserrat-Bold.otf in Resources */ = {isa = PBXBuildFile; fileRef = 6BFF984725C92ACA00D60BF3 /* Montserrat-Bold.otf */; };
		6BFF985325C92ACA00D60BF3 /* Montserrat-Regular.otf in Resources */ = {isa = PBXBuildFile; fileRef = 6BFF984825C92ACA00D60BF3 /* Montserrat-Regular.otf */; };
		6BFF985425C92ACA00D60BF3 /* Montserrat-Medium.otf in Resources */ = {isa = PBXBuildFile; fileRef = 6BFF984925C92ACA00D60BF3 /* Montserrat-Medium.otf */; };
		6BFF985525C92ACA00D60BF3 /* Montserrat-BoldItalic.otf in Resources */ = {isa = PBXBuildFile; fileRef = 6BFF984A25C92ACA00D60BF3 /* Montserrat-BoldItalic.otf */; };
		6BFF985625C92ACA00D60BF3 /* Montserrat-ExtraBold.otf in Resources */ = {isa = PBXBuildFile; fileRef = 6BFF984B25C92ACA00D60BF3 /* Montserrat-ExtraBold.otf */; };
		75C23945F22A66FEB1213F9B /* Pods_OSA.framework in Frameworks */ = {isa = PBXBuildFile; fileRef = F66AD27FA536D59C45654DA6 /* Pods_OSA.framework */; };
/* End PBXBuildFile section */

/* Begin PBXContainerItemProxy section */
		6BFF982225C9255400D60BF3 /* PBXContainerItemProxy */ = {
			isa = PBXContainerItemProxy;
			containerPortal = 6BFF980325C9253600D60BF3 /* Project object */;
			proxyType = 1;
			remoteGlobalIDString = 6BFF980A25C9253700D60BF3;
			remoteInfo = OSA;
		};
		6BFF982D25C9255400D60BF3 /* PBXContainerItemProxy */ = {
			isa = PBXContainerItemProxy;
			containerPortal = 6BFF980325C9253600D60BF3 /* Project object */;
			proxyType = 1;
			remoteGlobalIDString = 6BFF980A25C9253700D60BF3;
			remoteInfo = OSA;
		};
/* End PBXContainerItemProxy section */

/* Begin PBXFileReference section */
		6B19743C25C9613200B611A0 /* NavigationBarGradient.swift */ = {isa = PBXFileReference; lastKnownFileType = sourcecode.swift; path = NavigationBarGradient.swift; sourceTree = "<group>"; };
		6BFF980B25C9253700D60BF3 /* OSA.app */ = {isa = PBXFileReference; explicitFileType = wrapper.application; includeInIndex = 0; path = OSA.app; sourceTree = BUILT_PRODUCTS_DIR; };
		6BFF980E25C9253700D60BF3 /* AppDelegate.swift */ = {isa = PBXFileReference; lastKnownFileType = sourcecode.swift; path = AppDelegate.swift; sourceTree = "<group>"; };
		6BFF981025C9253800D60BF3 /* SceneDelegate.swift */ = {isa = PBXFileReference; lastKnownFileType = sourcecode.swift; path = SceneDelegate.swift; sourceTree = "<group>"; };
		6BFF981225C9253800D60BF3 /* ViewController.swift */ = {isa = PBXFileReference; lastKnownFileType = sourcecode.swift; path = ViewController.swift; sourceTree = "<group>"; };
		6BFF981525C9253800D60BF3 /* Base */ = {isa = PBXFileReference; lastKnownFileType = file.storyboard; name = Base; path = Base.lproj/Main.storyboard; sourceTree = "<group>"; };
		6BFF981725C9255100D60BF3 /* Assets.xcassets */ = {isa = PBXFileReference; lastKnownFileType = folder.assetcatalog; path = Assets.xcassets; sourceTree = "<group>"; };
		6BFF981A25C9255100D60BF3 /* Base */ = {isa = PBXFileReference; lastKnownFileType = file.storyboard; name = Base; path = Base.lproj/LaunchScreen.storyboard; sourceTree = "<group>"; };
		6BFF981C25C9255100D60BF3 /* Info.plist */ = {isa = PBXFileReference; lastKnownFileType = text.plist.xml; path = Info.plist; sourceTree = "<group>"; };
		6BFF982125C9255400D60BF3 /* OSATests.xctest */ = {isa = PBXFileReference; explicitFileType = wrapper.cfbundle; includeInIndex = 0; path = OSATests.xctest; sourceTree = BUILT_PRODUCTS_DIR; };
		6BFF982525C9255400D60BF3 /* OSATests.swift */ = {isa = PBXFileReference; lastKnownFileType = sourcecode.swift; path = OSATests.swift; sourceTree = "<group>"; };
		6BFF982725C9255400D60BF3 /* Info.plist */ = {isa = PBXFileReference; lastKnownFileType = text.plist.xml; path = Info.plist; sourceTree = "<group>"; };
		6BFF982C25C9255400D60BF3 /* OSAUITests.xctest */ = {isa = PBXFileReference; explicitFileType = wrapper.cfbundle; includeInIndex = 0; path = OSAUITests.xctest; sourceTree = BUILT_PRODUCTS_DIR; };
		6BFF983025C9255400D60BF3 /* OSAUITests.swift */ = {isa = PBXFileReference; lastKnownFileType = sourcecode.swift; path = OSAUITests.swift; sourceTree = "<group>"; };
		6BFF983225C9255400D60BF3 /* Info.plist */ = {isa = PBXFileReference; lastKnownFileType = text.plist.xml; path = Info.plist; sourceTree = "<group>"; };
		6BFF984125C92AC700D60BF3 /* Montserrat-SemiBold.otf */ = {isa = PBXFileReference; lastKnownFileType = file; path = "Montserrat-SemiBold.otf"; sourceTree = "<group>"; };
		6BFF984225C92AC800D60BF3 /* MontserratAlternates-LightItalic.otf */ = {isa = PBXFileReference; lastKnownFileType = file; path = "MontserratAlternates-LightItalic.otf"; sourceTree = "<group>"; };
		6BFF984325C92AC800D60BF3 /* MontserratAlternates-Light.otf */ = {isa = PBXFileReference; lastKnownFileType = file; path = "MontserratAlternates-Light.otf"; sourceTree = "<group>"; };
		6BFF984425C92AC800D60BF3 /* MontserratAlternates-Medium.otf */ = {isa = PBXFileReference; lastKnownFileType = file; path = "MontserratAlternates-Medium.otf"; sourceTree = "<group>"; };
		6BFF984525C92AC900D60BF3 /* Montserrat-MediumItalic.otf */ = {isa = PBXFileReference; lastKnownFileType = file; path = "Montserrat-MediumItalic.otf"; sourceTree = "<group>"; };
		6BFF984625C92AC900D60BF3 /* MontserratAlternates-MediumItalic.otf */ = {isa = PBXFileReference; lastKnownFileType = file; path = "MontserratAlternates-MediumItalic.otf"; sourceTree = "<group>"; };
		6BFF984725C92ACA00D60BF3 /* Montserrat-Bold.otf */ = {isa = PBXFileReference; lastKnownFileType = file; path = "Montserrat-Bold.otf"; sourceTree = "<group>"; };
		6BFF984825C92ACA00D60BF3 /* Montserrat-Regular.otf */ = {isa = PBXFileReference; lastKnownFileType = file; path = "Montserrat-Regular.otf"; sourceTree = "<group>"; };
		6BFF984925C92ACA00D60BF3 /* Montserrat-Medium.otf */ = {isa = PBXFileReference; lastKnownFileType = file; path = "Montserrat-Medium.otf"; sourceTree = "<group>"; };
		6BFF984A25C92ACA00D60BF3 /* Montserrat-BoldItalic.otf */ = {isa = PBXFileReference; lastKnownFileType = file; path = "Montserrat-BoldItalic.otf"; sourceTree = "<group>"; };
		6BFF984B25C92ACA00D60BF3 /* Montserrat-ExtraBold.otf */ = {isa = PBXFileReference; lastKnownFileType = file; path = "Montserrat-ExtraBold.otf"; sourceTree = "<group>"; };
		BE96B208A2855FB2D725DBF0 /* Pods-OSA.debug.xcconfig */ = {isa = PBXFileReference; includeInIndex = 1; lastKnownFileType = text.xcconfig; name = "Pods-OSA.debug.xcconfig"; path = "Target Support Files/Pods-OSA/Pods-OSA.debug.xcconfig"; sourceTree = "<group>"; };
		E9469CD60AD1D54DDFCA61FF /* Pods-OSA.release.xcconfig */ = {isa = PBXFileReference; includeInIndex = 1; lastKnownFileType = text.xcconfig; name = "Pods-OSA.release.xcconfig"; path = "Target Support Files/Pods-OSA/Pods-OSA.release.xcconfig"; sourceTree = "<group>"; };
		F66AD27FA536D59C45654DA6 /* Pods_OSA.framework */ = {isa = PBXFileReference; explicitFileType = wrapper.framework; includeInIndex = 0; path = Pods_OSA.framework; sourceTree = BUILT_PRODUCTS_DIR; };
/* End PBXFileReference section */

/* Begin PBXFrameworksBuildPhase section */
		6BFF980825C9253700D60BF3 /* Frameworks */ = {
			isa = PBXFrameworksBuildPhase;
			buildActionMask = 2147483647;
			files = (
				75C23945F22A66FEB1213F9B /* Pods_OSA.framework in Frameworks */,
			);
			runOnlyForDeploymentPostprocessing = 0;
		};
		6BFF981E25C9255400D60BF3 /* Frameworks */ = {
			isa = PBXFrameworksBuildPhase;
			buildActionMask = 2147483647;
			files = (
			);
			runOnlyForDeploymentPostprocessing = 0;
		};
		6BFF982925C9255400D60BF3 /* Frameworks */ = {
			isa = PBXFrameworksBuildPhase;
			buildActionMask = 2147483647;
			files = (
			);
			runOnlyForDeploymentPostprocessing = 0;
		};
/* End PBXFrameworksBuildPhase section */

/* Begin PBXGroup section */
		6BC207B425CA600B007083D4 /* Extensions */ = {
			isa = PBXGroup;
			children = (
				6B19743C25C9613200B611A0 /* NavigationBarGradient.swift */,
			);
			path = Extensions;
			sourceTree = "<group>";
		};
		6BC207B525CA603C007083D4 /* VC */ = {
			isa = PBXGroup;
			children = (
				6BFF981225C9253800D60BF3 /* ViewController.swift */,
			);
			path = VC;
			sourceTree = "<group>";
		};
		6BC207B625CA6073007083D4 /* StoryBoards */ = {
			isa = PBXGroup;
			children = (
				6BFF981425C9253800D60BF3 /* Main.storyboard */,
			);
			path = StoryBoards;
			sourceTree = "<group>";
		};
		6BFF980225C9253600D60BF3 = {
			isa = PBXGroup;
			children = (
				6BFF980D25C9253700D60BF3 /* OSA */,
				6BFF982425C9255400D60BF3 /* OSATests */,
				6BFF982F25C9255400D60BF3 /* OSAUITests */,
				6BFF980C25C9253700D60BF3 /* Products */,
				F1ED08369EB70DF7C5161126 /* Pods */,
				8F4DB25C7B379BC15395EAF8 /* Frameworks */,
			);
			sourceTree = "<group>";
		};
		6BFF980C25C9253700D60BF3 /* Products */ = {
			isa = PBXGroup;
			children = (
				6BFF980B25C9253700D60BF3 /* OSA.app */,
				6BFF982125C9255400D60BF3 /* OSATests.xctest */,
				6BFF982C25C9255400D60BF3 /* OSAUITests.xctest */,
			);
			name = Products;
			sourceTree = "<group>";
		};
		6BFF980D25C9253700D60BF3 /* OSA */ = {
			isa = PBXGroup;
			children = (
				6BFF980E25C9253700D60BF3 /* AppDelegate.swift */,
				6BFF981025C9253800D60BF3 /* SceneDelegate.swift */,
				6BFF985A25C92AD200D60BF3 /* Fonts */,
				6BC207B525CA603C007083D4 /* VC */,
				6BC207B425CA600B007083D4 /* Extensions */,
				6BC207B625CA6073007083D4 /* StoryBoards */,
				6BFF981725C9255100D60BF3 /* Assets.xcassets */,
				6BFF981925C9255100D60BF3 /* LaunchScreen.storyboard */,
				6BFF981C25C9255100D60BF3 /* Info.plist */,
			);
			path = OSA;
			sourceTree = "<group>";
		};
		6BFF982425C9255400D60BF3 /* OSATests */ = {
			isa = PBXGroup;
			children = (
				6BFF982525C9255400D60BF3 /* OSATests.swift */,
				6BFF982725C9255400D60BF3 /* Info.plist */,
			);
			path = OSATests;
			sourceTree = "<group>";
		};
		6BFF982F25C9255400D60BF3 /* OSAUITests */ = {
			isa = PBXGroup;
			children = (
				6BFF983025C9255400D60BF3 /* OSAUITests.swift */,
				6BFF983225C9255400D60BF3 /* Info.plist */,
			);
			path = OSAUITests;
			sourceTree = "<group>";
		};
		6BFF985A25C92AD200D60BF3 /* Fonts */ = {
			isa = PBXGroup;
			children = (
				6BFF984A25C92ACA00D60BF3 /* Montserrat-BoldItalic.otf */,
				6BFF984B25C92ACA00D60BF3 /* Montserrat-ExtraBold.otf */,
				6BFF984925C92ACA00D60BF3 /* Montserrat-Medium.otf */,
				6BFF984525C92AC900D60BF3 /* Montserrat-MediumItalic.otf */,
				6BFF984825C92ACA00D60BF3 /* Montserrat-Regular.otf */,
				6BFF984125C92AC700D60BF3 /* Montserrat-SemiBold.otf */,
				6BFF984325C92AC800D60BF3 /* MontserratAlternates-Light.otf */,
				6BFF984225C92AC800D60BF3 /* MontserratAlternates-LightItalic.otf */,
				6BFF984425C92AC800D60BF3 /* MontserratAlternates-Medium.otf */,
				6BFF984625C92AC900D60BF3 /* MontserratAlternates-MediumItalic.otf */,
				6BFF984725C92ACA00D60BF3 /* Montserrat-Bold.otf */,
			);
			path = Fonts;
			sourceTree = "<group>";
		};
		8F4DB25C7B379BC15395EAF8 /* Frameworks */ = {
			isa = PBXGroup;
			children = (
				F66AD27FA536D59C45654DA6 /* Pods_OSA.framework */,
			);
			name = Frameworks;
			sourceTree = "<group>";
		};
		F1ED08369EB70DF7C5161126 /* Pods */ = {
			isa = PBXGroup;
			children = (
				BE96B208A2855FB2D725DBF0 /* Pods-OSA.debug.xcconfig */,
				E9469CD60AD1D54DDFCA61FF /* Pods-OSA.release.xcconfig */,
			);
			name = Pods;
			path = Pods;
			sourceTree = "<group>";
		};
/* End PBXGroup section */

/* Begin PBXNativeTarget section */
		6BFF980A25C9253700D60BF3 /* OSA */ = {
			isa = PBXNativeTarget;
			buildConfigurationList = 6BFF983525C9255400D60BF3 /* Build configuration list for PBXNativeTarget "OSA" */;
			buildPhases = (
				A238791BB6D75AF739BCD81B /* [CP] Check Pods Manifest.lock */,
				6BFF980725C9253700D60BF3 /* Sources */,
				6BFF980825C9253700D60BF3 /* Frameworks */,
				6BFF980925C9253700D60BF3 /* Resources */,
				0D8442DA8E3B953B469C0BA2 /* [CP] Embed Pods Frameworks */,
			);
			buildRules = (
			);
			dependencies = (
			);
			name = OSA;
			productName = OSA;
			productReference = 6BFF980B25C9253700D60BF3 /* OSA.app */;
			productType = "com.apple.product-type.application";
		};
		6BFF982025C9255400D60BF3 /* OSATests */ = {
			isa = PBXNativeTarget;
			buildConfigurationList = 6BFF983825C9255400D60BF3 /* Build configuration list for PBXNativeTarget "OSATests" */;
			buildPhases = (
				6BFF981D25C9255400D60BF3 /* Sources */,
				6BFF981E25C9255400D60BF3 /* Frameworks */,
				6BFF981F25C9255400D60BF3 /* Resources */,
			);
			buildRules = (
			);
			dependencies = (
				6BFF982325C9255400D60BF3 /* PBXTargetDependency */,
			);
			name = OSATests;
			productName = OSATests;
			productReference = 6BFF982125C9255400D60BF3 /* OSATests.xctest */;
			productType = "com.apple.product-type.bundle.unit-test";
		};
		6BFF982B25C9255400D60BF3 /* OSAUITests */ = {
			isa = PBXNativeTarget;
			buildConfigurationList = 6BFF983B25C9255400D60BF3 /* Build configuration list for PBXNativeTarget "OSAUITests" */;
			buildPhases = (
				6BFF982825C9255400D60BF3 /* Sources */,
				6BFF982925C9255400D60BF3 /* Frameworks */,
				6BFF982A25C9255400D60BF3 /* Resources */,
			);
			buildRules = (
			);
			dependencies = (
				6BFF982E25C9255400D60BF3 /* PBXTargetDependency */,
			);
			name = OSAUITests;
			productName = OSAUITests;
			productReference = 6BFF982C25C9255400D60BF3 /* OSAUITests.xctest */;
			productType = "com.apple.product-type.bundle.ui-testing";
		};
/* End PBXNativeTarget section */

/* Begin PBXProject section */
		6BFF980325C9253600D60BF3 /* Project object */ = {
			isa = PBXProject;
			attributes = {
				LastSwiftUpdateCheck = 1210;
				LastUpgradeCheck = 1210;
				TargetAttributes = {
					6BFF980A25C9253700D60BF3 = {
						CreatedOnToolsVersion = 12.1;
					};
					6BFF982025C9255400D60BF3 = {
						CreatedOnToolsVersion = 12.1;
						TestTargetID = 6BFF980A25C9253700D60BF3;
					};
					6BFF982B25C9255400D60BF3 = {
						CreatedOnToolsVersion = 12.1;
						TestTargetID = 6BFF980A25C9253700D60BF3;
					};
				};
			};
			buildConfigurationList = 6BFF980625C9253600D60BF3 /* Build configuration list for PBXProject "OSA" */;
			compatibilityVersion = "Xcode 9.3";
			developmentRegion = en;
			hasScannedForEncodings = 0;
			knownRegions = (
				en,
				Base,
			);
			mainGroup = 6BFF980225C9253600D60BF3;
			productRefGroup = 6BFF980C25C9253700D60BF3 /* Products */;
			projectDirPath = "";
			projectRoot = "";
			targets = (
				6BFF980A25C9253700D60BF3 /* OSA */,
				6BFF982025C9255400D60BF3 /* OSATests */,
				6BFF982B25C9255400D60BF3 /* OSAUITests */,
			);
		};
/* End PBXProject section */

/* Begin PBXResourcesBuildPhase section */
		6BFF980925C9253700D60BF3 /* Resources */ = {
			isa = PBXResourcesBuildPhase;
			buildActionMask = 2147483647;
			files = (
				6BFF985625C92ACA00D60BF3 /* Montserrat-ExtraBold.otf in Resources */,
				6BFF984E25C92ACA00D60BF3 /* MontserratAlternates-Light.otf in Resources */,
				6BFF985425C92ACA00D60BF3 /* Montserrat-Medium.otf in Resources */,
				6BFF981B25C9255100D60BF3 /* LaunchScreen.storyboard in Resources */,
				6BFF984F25C92ACA00D60BF3 /* MontserratAlternates-Medium.otf in Resources */,
				6BFF984D25C92ACA00D60BF3 /* MontserratAlternates-LightItalic.otf in Resources */,
				6BFF985125C92ACA00D60BF3 /* MontserratAlternates-MediumItalic.otf in Resources */,
				6BFF985225C92ACA00D60BF3 /* Montserrat-Bold.otf in Resources */,
				6BFF984C25C92ACA00D60BF3 /* Montserrat-SemiBold.otf in Resources */,
				6BFF985525C92ACA00D60BF3 /* Montserrat-BoldItalic.otf in Resources */,
				6BFF985025C92ACA00D60BF3 /* Montserrat-MediumItalic.otf in Resources */,
				6BFF985325C92ACA00D60BF3 /* Montserrat-Regular.otf in Resources */,
				6BFF981825C9255100D60BF3 /* Assets.xcassets in Resources */,
				6BFF981625C9253800D60BF3 /* Main.storyboard in Resources */,
			);
			runOnlyForDeploymentPostprocessing = 0;
		};
		6BFF981F25C9255400D60BF3 /* Resources */ = {
			isa = PBXResourcesBuildPhase;
			buildActionMask = 2147483647;
			files = (
			);
			runOnlyForDeploymentPostprocessing = 0;
		};
		6BFF982A25C9255400D60BF3 /* Resources */ = {
			isa = PBXResourcesBuildPhase;
			buildActionMask = 2147483647;
			files = (
			);
			runOnlyForDeploymentPostprocessing = 0;
		};
/* End PBXResourcesBuildPhase section */

/* Begin PBXShellScriptBuildPhase section */
		0D8442DA8E3B953B469C0BA2 /* [CP] Embed Pods Frameworks */ = {
			isa = PBXShellScriptBuildPhase;
			buildActionMask = 2147483647;
			files = (
			);
			inputFileListPaths = (
				"${PODS_ROOT}/Target Support Files/Pods-OSA/Pods-OSA-frameworks-${CONFIGURATION}-input-files.xcfilelist",
			);
			name = "[CP] Embed Pods Frameworks";
			outputFileListPaths = (
				"${PODS_ROOT}/Target Support Files/Pods-OSA/Pods-OSA-frameworks-${CONFIGURATION}-output-files.xcfilelist",
			);
			runOnlyForDeploymentPostprocessing = 0;
			shellPath = /bin/sh;
			shellScript = "\"${PODS_ROOT}/Target Support Files/Pods-OSA/Pods-OSA-frameworks.sh\"\n";
			showEnvVarsInLog = 0;
		};
		A238791BB6D75AF739BCD81B /* [CP] Check Pods Manifest.lock */ = {
			isa = PBXShellScriptBuildPhase;
			buildActionMask = 2147483647;
			files = (
			);
			inputFileListPaths = (
			);
			inputPaths = (
				"${PODS_PODFILE_DIR_PATH}/Podfile.lock",
				"${PODS_ROOT}/Manifest.lock",
			);
			name = "[CP] Check Pods Manifest.lock";
			outputFileListPaths = (
			);
			outputPaths = (
				"$(DERIVED_FILE_DIR)/Pods-OSA-checkManifestLockResult.txt",
			);
			runOnlyForDeploymentPostprocessing = 0;
			shellPath = /bin/sh;
			shellScript = "diff \"${PODS_PODFILE_DIR_PATH}/Podfile.lock\" \"${PODS_ROOT}/Manifest.lock\" > /dev/null\nif [ $? != 0 ] ; then\n    # print error to STDERR\n    echo \"error: The sandbox is not in sync with the Podfile.lock. Run 'pod install' or update your CocoaPods installation.\" >&2\n    exit 1\nfi\n# This output is used by Xcode 'outputs' to avoid re-running this script phase.\necho \"SUCCESS\" > \"${SCRIPT_OUTPUT_FILE_0}\"\n";
			showEnvVarsInLog = 0;
		};
/* End PBXShellScriptBuildPhase section */

/* Begin PBXSourcesBuildPhase section */
		6BFF980725C9253700D60BF3 /* Sources */ = {
			isa = PBXSourcesBuildPhase;
			buildActionMask = 2147483647;
			files = (
				6BFF981325C9253800D60BF3 /* ViewController.swift in Sources */,
				6B19743D25C9613300B611A0 /* NavigationBarGradient.swift in Sources */,
				6BFF980F25C9253700D60BF3 /* AppDelegate.swift in Sources */,
				6BFF981125C9253800D60BF3 /* SceneDelegate.swift in Sources */,
			);
			runOnlyForDeploymentPostprocessing = 0;
		};
		6BFF981D25C9255400D60BF3 /* Sources */ = {
			isa = PBXSourcesBuildPhase;
			buildActionMask = 2147483647;
			files = (
				6BFF982625C9255400D60BF3 /* OSATests.swift in Sources */,
			);
			runOnlyForDeploymentPostprocessing = 0;
		};
		6BFF982825C9255400D60BF3 /* Sources */ = {
			isa = PBXSourcesBuildPhase;
			buildActionMask = 2147483647;
			files = (
				6BFF983125C9255400D60BF3 /* OSAUITests.swift in Sources */,
			);
			runOnlyForDeploymentPostprocessing = 0;
		};
/* End PBXSourcesBuildPhase section */

/* Begin PBXTargetDependency section */
		6BFF982325C9255400D60BF3 /* PBXTargetDependency */ = {
			isa = PBXTargetDependency;
			target = 6BFF980A25C9253700D60BF3 /* OSA */;
			targetProxy = 6BFF982225C9255400D60BF3 /* PBXContainerItemProxy */;
		};
		6BFF982E25C9255400D60BF3 /* PBXTargetDependency */ = {
			isa = PBXTargetDependency;
			target = 6BFF980A25C9253700D60BF3 /* OSA */;
			targetProxy = 6BFF982D25C9255400D60BF3 /* PBXContainerItemProxy */;
		};
/* End PBXTargetDependency section */

/* Begin PBXVariantGroup section */
		6BFF981425C9253800D60BF3 /* Main.storyboard */ = {
			isa = PBXVariantGroup;
			children = (
				6BFF981525C9253800D60BF3 /* Base */,
			);
			name = Main.storyboard;
			sourceTree = "<group>";
		};
		6BFF981925C9255100D60BF3 /* LaunchScreen.storyboard */ = {
			isa = PBXVariantGroup;
			children = (
				6BFF981A25C9255100D60BF3 /* Base */,
			);
			name = LaunchScreen.storyboard;
			sourceTree = "<group>";
		};
/* End PBXVariantGroup section */

/* Begin XCBuildConfiguration section */
		6BFF983325C9255400D60BF3 /* Debug */ = {
			isa = XCBuildConfiguration;
			buildSettings = {
				ALWAYS_SEARCH_USER_PATHS = NO;
				CLANG_ANALYZER_NONNULL = YES;
				CLANG_ANALYZER_NUMBER_OBJECT_CONVERSION = YES_AGGRESSIVE;
				CLANG_CXX_LANGUAGE_STANDARD = "gnu++14";
				CLANG_CXX_LIBRARY = "libc++";
				CLANG_ENABLE_MODULES = YES;
				CLANG_ENABLE_OBJC_ARC = YES;
				CLANG_ENABLE_OBJC_WEAK = YES;
				CLANG_WARN_BLOCK_CAPTURE_AUTORELEASING = YES;
				CLANG_WARN_BOOL_CONVERSION = YES;
				CLANG_WARN_COMMA = YES;
				CLANG_WARN_CONSTANT_CONVERSION = YES;
				CLANG_WARN_DEPRECATED_OBJC_IMPLEMENTATIONS = YES;
				CLANG_WARN_DIRECT_OBJC_ISA_USAGE = YES_ERROR;
				CLANG_WARN_DOCUMENTATION_COMMENTS = YES;
				CLANG_WARN_EMPTY_BODY = YES;
				CLANG_WARN_ENUM_CONVERSION = YES;
				CLANG_WARN_INFINITE_RECURSION = YES;
				CLANG_WARN_INT_CONVERSION = YES;
				CLANG_WARN_NON_LITERAL_NULL_CONVERSION = YES;
				CLANG_WARN_OBJC_IMPLICIT_RETAIN_SELF = YES;
				CLANG_WARN_OBJC_LITERAL_CONVERSION = YES;
				CLANG_WARN_OBJC_ROOT_CLASS = YES_ERROR;
				CLANG_WARN_QUOTED_INCLUDE_IN_FRAMEWORK_HEADER = YES;
				CLANG_WARN_RANGE_LOOP_ANALYSIS = YES;
				CLANG_WARN_STRICT_PROTOTYPES = YES;
				CLANG_WARN_SUSPICIOUS_MOVE = YES;
				CLANG_WARN_UNGUARDED_AVAILABILITY = YES_AGGRESSIVE;
				CLANG_WARN_UNREACHABLE_CODE = YES;
				CLANG_WARN__DUPLICATE_METHOD_MATCH = YES;
				COPY_PHASE_STRIP = NO;
				DEBUG_INFORMATION_FORMAT = dwarf;
				ENABLE_STRICT_OBJC_MSGSEND = YES;
				ENABLE_TESTABILITY = YES;
				GCC_C_LANGUAGE_STANDARD = gnu11;
				GCC_DYNAMIC_NO_PIC = NO;
				GCC_NO_COMMON_BLOCKS = YES;
				GCC_OPTIMIZATION_LEVEL = 0;
				GCC_PREPROCESSOR_DEFINITIONS = (
					"DEBUG=1",
					"$(inherited)",
				);
				GCC_WARN_64_TO_32_BIT_CONVERSION = YES;
				GCC_WARN_ABOUT_RETURN_TYPE = YES_ERROR;
				GCC_WARN_UNDECLARED_SELECTOR = YES;
				GCC_WARN_UNINITIALIZED_AUTOS = YES_AGGRESSIVE;
				GCC_WARN_UNUSED_FUNCTION = YES;
				GCC_WARN_UNUSED_VARIABLE = YES;
				IPHONEOS_DEPLOYMENT_TARGET = 14.1;
				MTL_ENABLE_DEBUG_INFO = INCLUDE_SOURCE;
				MTL_FAST_MATH = YES;
				ONLY_ACTIVE_ARCH = YES;
				SDKROOT = iphoneos;
				SWIFT_ACTIVE_COMPILATION_CONDITIONS = DEBUG;
				SWIFT_OPTIMIZATION_LEVEL = "-Onone";
			};
			name = Debug;
		};
		6BFF983425C9255400D60BF3 /* Release */ = {
			isa = XCBuildConfiguration;
			buildSettings = {
				ALWAYS_SEARCH_USER_PATHS = NO;
				CLANG_ANALYZER_NONNULL = YES;
				CLANG_ANALYZER_NUMBER_OBJECT_CONVERSION = YES_AGGRESSIVE;
				CLANG_CXX_LANGUAGE_STANDARD = "gnu++14";
				CLANG_CXX_LIBRARY = "libc++";
				CLANG_ENABLE_MODULES = YES;
				CLANG_ENABLE_OBJC_ARC = YES;
				CLANG_ENABLE_OBJC_WEAK = YES;
				CLANG_WARN_BLOCK_CAPTURE_AUTORELEASING = YES;
				CLANG_WARN_BOOL_CONVERSION = YES;
				CLANG_WARN_COMMA = YES;
				CLANG_WARN_CONSTANT_CONVERSION = YES;
				CLANG_WARN_DEPRECATED_OBJC_IMPLEMENTATIONS = YES;
				CLANG_WARN_DIRECT_OBJC_ISA_USAGE = YES_ERROR;
				CLANG_WARN_DOCUMENTATION_COMMENTS = YES;
				CLANG_WARN_EMPTY_BODY = YES;
				CLANG_WARN_ENUM_CONVERSION = YES;
				CLANG_WARN_INFINITE_RECURSION = YES;
				CLANG_WARN_INT_CONVERSION = YES;
				CLANG_WARN_NON_LITERAL_NULL_CONVERSION = YES;
				CLANG_WARN_OBJC_IMPLICIT_RETAIN_SELF = YES;
				CLANG_WARN_OBJC_LITERAL_CONVERSION = YES;
				CLANG_WARN_OBJC_ROOT_CLASS = YES_ERROR;
				CLANG_WARN_QUOTED_INCLUDE_IN_FRAMEWORK_HEADER = YES;
				CLANG_WARN_RANGE_LOOP_ANALYSIS = YES;
				CLANG_WARN_STRICT_PROTOTYPES = YES;
				CLANG_WARN_SUSPICIOUS_MOVE = YES;
				CLANG_WARN_UNGUARDED_AVAILABILITY = YES_AGGRESSIVE;
				CLANG_WARN_UNREACHABLE_CODE = YES;
				CLANG_WARN__DUPLICATE_METHOD_MATCH = YES;
				COPY_PHASE_STRIP = NO;
				DEBUG_INFORMATION_FORMAT = "dwarf-with-dsym";
				ENABLE_NS_ASSERTIONS = NO;
				ENABLE_STRICT_OBJC_MSGSEND = YES;
				GCC_C_LANGUAGE_STANDARD = gnu11;
				GCC_NO_COMMON_BLOCKS = YES;
				GCC_WARN_64_TO_32_BIT_CONVERSION = YES;
				GCC_WARN_ABOUT_RETURN_TYPE = YES_ERROR;
				GCC_WARN_UNDECLARED_SELECTOR = YES;
				GCC_WARN_UNINITIALIZED_AUTOS = YES_AGGRESSIVE;
				GCC_WARN_UNUSED_FUNCTION = YES;
				GCC_WARN_UNUSED_VARIABLE = YES;
				IPHONEOS_DEPLOYMENT_TARGET = 14.1;
				MTL_ENABLE_DEBUG_INFO = NO;
				MTL_FAST_MATH = YES;
				SDKROOT = iphoneos;
				SWIFT_COMPILATION_MODE = wholemodule;
				SWIFT_OPTIMIZATION_LEVEL = "-O";
				VALIDATE_PRODUCT = YES;
			};
			name = Release;
		};
		6BFF983625C9255400D60BF3 /* Debug */ = {
			isa = XCBuildConfiguration;
			baseConfigurationReference = BE96B208A2855FB2D725DBF0 /* Pods-OSA.debug.xcconfig */;
			buildSettings = {
				ASSETCATALOG_COMPILER_APPICON_NAME = AppIcon;
				ASSETCATALOG_COMPILER_GLOBAL_ACCENT_COLOR_NAME = AccentColor;
				CODE_SIGN_STYLE = Automatic;
				DEVELOPMENT_TEAM = 6V986NC4N5;
				INFOPLIST_FILE = OSA/Info.plist;
				IPHONEOS_DEPLOYMENT_TARGET = 12.4;
				LD_RUNPATH_SEARCH_PATHS = (
					"$(inherited)",
					"@executable_path/Frameworks",
				);
				PRODUCT_BUNDLE_IDENTIFIER = com.hst.OSA;
				PRODUCT_NAME = "$(TARGET_NAME)";
				SWIFT_VERSION = 5.0;
				TARGETED_DEVICE_FAMILY = "1,2";
			};
			name = Debug;
		};
		6BFF983725C9255400D60BF3 /* Release */ = {
			isa = XCBuildConfiguration;
			baseConfigurationReference = E9469CD60AD1D54DDFCA61FF /* Pods-OSA.release.xcconfig */;
			buildSettings = {
				ASSETCATALOG_COMPILER_APPICON_NAME = AppIcon;
				ASSETCATALOG_COMPILER_GLOBAL_ACCENT_COLOR_NAME = AccentColor;
				CODE_SIGN_STYLE = Automatic;
				DEVELOPMENT_TEAM = 6V986NC4N5;
				INFOPLIST_FILE = OSA/Info.plist;
				IPHONEOS_DEPLOYMENT_TARGET = 12.4;
				LD_RUNPATH_SEARCH_PATHS = (
					"$(inherited)",
					"@executable_path/Frameworks",
				);
				PRODUCT_BUNDLE_IDENTIFIER = com.hst.OSA;
				PRODUCT_NAME = "$(TARGET_NAME)";
				SWIFT_VERSION = 5.0;
				TARGETED_DEVICE_FAMILY = "1,2";
			};
			name = Release;
		};
		6BFF983925C9255400D60BF3 /* Debug */ = {
			isa = XCBuildConfiguration;
			buildSettings = {
				ALWAYS_EMBED_SWIFT_STANDARD_LIBRARIES = YES;
				BUNDLE_LOADER = "$(TEST_HOST)";
				CODE_SIGN_STYLE = Automatic;
				DEVELOPMENT_TEAM = 6V986NC4N5;
				INFOPLIST_FILE = OSATests/Info.plist;
				IPHONEOS_DEPLOYMENT_TARGET = 14.1;
				LD_RUNPATH_SEARCH_PATHS = (
					"$(inherited)",
					"@executable_path/Frameworks",
					"@loader_path/Frameworks",
				);
				PRODUCT_BUNDLE_IDENTIFIER = com.hst.OSATests;
				PRODUCT_NAME = "$(TARGET_NAME)";
				SWIFT_VERSION = 5.0;
				TARGETED_DEVICE_FAMILY = "1,2";
				TEST_HOST = "$(BUILT_PRODUCTS_DIR)/OSA.app/OSA";
			};
			name = Debug;
		};
		6BFF983A25C9255400D60BF3 /* Release */ = {
			isa = XCBuildConfiguration;
			buildSettings = {
				ALWAYS_EMBED_SWIFT_STANDARD_LIBRARIES = YES;
				BUNDLE_LOADER = "$(TEST_HOST)";
				CODE_SIGN_STYLE = Automatic;
				DEVELOPMENT_TEAM = 6V986NC4N5;
				INFOPLIST_FILE = OSATests/Info.plist;
				IPHONEOS_DEPLOYMENT_TARGET = 14.1;
				LD_RUNPATH_SEARCH_PATHS = (
					"$(inherited)",
					"@executable_path/Frameworks",
					"@loader_path/Frameworks",
				);
				PRODUCT_BUNDLE_IDENTIFIER = com.hst.OSATests;
				PRODUCT_NAME = "$(TARGET_NAME)";
				SWIFT_VERSION = 5.0;
				TARGETED_DEVICE_FAMILY = "1,2";
				TEST_HOST = "$(BUILT_PRODUCTS_DIR)/OSA.app/OSA";
			};
			name = Release;
		};
		6BFF983C25C9255400D60BF3 /* Debug */ = {
			isa = XCBuildConfiguration;
			buildSettings = {
				ALWAYS_EMBED_SWIFT_STANDARD_LIBRARIES = YES;
				CODE_SIGN_STYLE = Automatic;
				DEVELOPMENT_TEAM = 6V986NC4N5;
				INFOPLIST_FILE = OSAUITests/Info.plist;
				LD_RUNPATH_SEARCH_PATHS = (
					"$(inherited)",
					"@executable_path/Frameworks",
					"@loader_path/Frameworks",
				);
				PRODUCT_BUNDLE_IDENTIFIER = com.hst.OSAUITests;
				PRODUCT_NAME = "$(TARGET_NAME)";
				SWIFT_VERSION = 5.0;
				TARGETED_DEVICE_FAMILY = "1,2";
				TEST_TARGET_NAME = OSA;
			};
			name = Debug;
		};
		6BFF983D25C9255400D60BF3 /* Release */ = {
			isa = XCBuildConfiguration;
			buildSettings = {
				ALWAYS_EMBED_SWIFT_STANDARD_LIBRARIES = YES;
				CODE_SIGN_STYLE = Automatic;
				DEVELOPMENT_TEAM = 6V986NC4N5;
				INFOPLIST_FILE = OSAUITests/Info.plist;
				LD_RUNPATH_SEARCH_PATHS = (
					"$(inherited)",
					"@executable_path/Frameworks",
					"@loader_path/Frameworks",
				);
				PRODUCT_BUNDLE_IDENTIFIER = com.hst.OSAUITests;
				PRODUCT_NAME = "$(TARGET_NAME)";
				SWIFT_VERSION = 5.0;
				TARGETED_DEVICE_FAMILY = "1,2";
				TEST_TARGET_NAME = OSA;
			};
			name = Release;
		};
/* End XCBuildConfiguration section */

/* Begin XCConfigurationList section */
		6BFF980625C9253600D60BF3 /* Build configuration list for PBXProject "OSA" */ = {
			isa = XCConfigurationList;
			buildConfigurations = (
				6BFF983325C9255400D60BF3 /* Debug */,
				6BFF983425C9255400D60BF3 /* Release */,
			);
			defaultConfigurationIsVisible = 0;
			defaultConfigurationName = Release;
		};
		6BFF983525C9255400D60BF3 /* Build configuration list for PBXNativeTarget "OSA" */ = {
			isa = XCConfigurationList;
			buildConfigurations = (
				6BFF983625C9255400D60BF3 /* Debug */,
				6BFF983725C9255400D60BF3 /* Release */,
			);
			defaultConfigurationIsVisible = 0;
			defaultConfigurationName = Release;
		};
		6BFF983825C9255400D60BF3 /* Build configuration list for PBXNativeTarget "OSATests" */ = {
			isa = XCConfigurationList;
			buildConfigurations = (
				6BFF983925C9255400D60BF3 /* Debug */,
				6BFF983A25C9255400D60BF3 /* Release */,
			);
			defaultConfigurationIsVisible = 0;
			defaultConfigurationName = Release;
		};
		6BFF983B25C9255400D60BF3 /* Build configuration list for PBXNativeTarget "OSAUITests" */ = {
			isa = XCConfigurationList;
			buildConfigurations = (
				6BFF983C25C9255400D60BF3 /* Debug */,
				6BFF983D25C9255400D60BF3 /* Release */,
			);
			defaultConfigurationIsVisible = 0;
			defaultConfigurationName = Release;
		};
/* End XCConfigurationList section */
	};
	rootObject = 6BFF980325C9253600D60BF3 /* Project object */;
}
