// !$*UTF8*$!
{
	archiveVersion = 1;
	classes = {
	};
	objectVersion = 50;
	objects = {

/* Begin PBXBuildFile section */
		6BFF980F25C9253700D60BF3 /* AppDelegate.swift in Sources */ = {isa = PBXBuildFile; fileRef = 6BFF980E25C9253700D60BF3 /* AppDelegate.swift */; };
		6BFF981125C9253800D60BF3 /* SceneDelegate.swift in Sources */ = {isa = PBXBuildFile; fileRef = 6BFF981025C9253800D60BF3 /* SceneDelegate.swift */; };
		6BFF981325C9253800D60BF3 /* ViewController.swift in Sources */ = {isa = PBXBuildFile; fileRef = 6BFF981225C9253800D60BF3 /* ViewController.swift */; };
		6BFF981625C9253800D60BF3 /* Main.storyboard in Resources */ = {isa = PBXBuildFile; fileRef = 6BFF981425C9253800D60BF3 /* Main.storyboard */; };
		6BFF981825C9255100D60BF3 /* Assets.xcassets in Resources */ = {isa = PBXBuildFile; fileRef = 6BFF981725C9255100D60BF3 /* Assets.xcassets */; };
		6BFF981B25C9255100D60BF3 /* LaunchScreen.storyboard in Resources */ = {isa = PBXBuildFile; fileRef = 6BFF981925C9255100D60BF3 /* LaunchScreen.storyboard */; };
		6BFF982625C9255400D60BF3 /* OSATests.swift in Sources */ = {isa = PBXBuildFile; fileRef = 6BFF982525C9255400D60BF3 /* OSATests.swift */; };
		6BFF983125C9255400D60BF3 /* OSAUITests.swift in Sources */ = {isa = PBXBuildFile; fileRef = 6BFF983025C9255400D60BF3 /* OSAUITests.swift */; };
/* End PBXBuildFile section */

/* Begin PBXContainerItemProxy section */
		6BFF982225C9255400D60BF3 /* PBXContainerItemProxy */ = {
			isa = PBXContainerItemProxy;
			containerPortal = 6BFF980325C9253600D60BF3 /* Project object */;
			proxyType = 1;
			remoteGlobalIDString = 6BFF980A25C9253700D60BF3;
			remoteInfo = OSA;
		};
		6BFF982D25C9255400D60BF3 /* PBXContainerItemProxy */ = {
			isa = PBXContainerItemProxy;
			containerPortal = 6BFF980325C9253600D60BF3 /* Project object */;
			proxyType = 1;
			remoteGlobalIDString = 6BFF980A25C9253700D60BF3;
			remoteInfo = OSA;
		};
/* End PBXContainerItemProxy section */

/* Begin PBXFileReference section */
		6BFF980B25C9253700D60BF3 /* OSA.app */ = {isa = PBXFileReference; explicitFileType = wrapper.application; includeInIndex = 0; path = OSA.app; sourceTree = BUILT_PRODUCTS_DIR; };
		6BFF980E25C9253700D60BF3 /* AppDelegate.swift */ = {isa = PBXFileReference; lastKnownFileType = sourcecode.swift; path = AppDelegate.swift; sourceTree = "<group>"; };
		6BFF981025C9253800D60BF3 /* SceneDelegate.swift */ = {isa = PBXFileReference; lastKnownFileType = sourcecode.swift; path = SceneDelegate.swift; sourceTree = "<group>"; };
		6BFF981225C9253800D60BF3 /* ViewController.swift */ = {isa = PBXFileReference; lastKnownFileType = sourcecode.swift; path = ViewController.swift; sourceTree = "<group>"; };
		6BFF981525C9253800D60BF3 /* Base */ = {isa = PBXFileReference; lastKnownFileType = file.storyboard; name = Base; path = Base.lproj/Main.storyboard; sourceTree = "<group>"; };
		6BFF981725C9255100D60BF3 /* Assets.xcassets */ = {isa = PBXFileReference; lastKnownFileType = folder.assetcatalog; path = Assets.xcassets; sourceTree = "<group>"; };
		6BFF981A25C9255100D60BF3 /* Base */ = {isa = PBXFileReference; lastKnownFileType = file.storyboard; name = Base; path = Base.lproj/LaunchScreen.storyboard; sourceTree = "<group>"; };
		6BFF981C25C9255100D60BF3 /* Info.plist */ = {isa = PBXFileReference; lastKnownFileType = text.plist.xml; path = Info.plist; sourceTree = "<group>"; };
		6BFF982125C9255400D60BF3 /* OSATests.xctest */ = {isa = PBXFileReference; explicitFileType = wrapper.cfbundle; includeInIndex = 0; path = OSATests.xctest; sourceTree = BUILT_PRODUCTS_DIR; };
		6BFF982525C9255400D60BF3 /* OSATests.swift */ = {isa = PBXFileReference; lastKnownFileType = sourcecode.swift; path = OSATests.swift; sourceTree = "<group>"; };
		6BFF982725C9255400D60BF3 /* Info.plist */ = {isa = PBXFileReference; lastKnownFileType = text.plist.xml; path = Info.plist; sourceTree = "<group>"; };
		6BFF982C25C9255400D60BF3 /* OSAUITests.xctest */ = {isa = PBXFileReference; explicitFileType = wrapper.cfbundle; includeInIndex = 0; path = OSAUITests.xctest; sourceTree = BUILT_PRODUCTS_DIR; };
		6BFF983025C9255400D60BF3 /* OSAUITests.swift */ = {isa = PBXFileReference; lastKnownFileType = sourcecode.swift; path = OSAUITests.swift; sourceTree = "<group>"; };
		6BFF983225C9255400D60BF3 /* Info.plist */ = {isa = PBXFileReference; lastKnownFileType = text.plist.xml; path = Info.plist; sourceTree = "<group>"; };
/* End PBXFileReference section */

/* Begin PBXFrameworksBuildPhase section */
		6BFF980825C9253700D60BF3 /* Frameworks */ = {
			isa = PBXFrameworksBuildPhase;
			buildActionMask = 2147483647;
			files = (
			);
			runOnlyForDeploymentPostprocessing = 0;
		};
		6BFF981E25C9255400D60BF3 /* Frameworks */ = {
			isa = PBXFrameworksBuildPhase;
			buildActionMask = 2147483647;
			files = (
			);
			runOnlyForDeploymentPostprocessing = 0;
		};
		6BFF982925C9255400D60BF3 /* Frameworks */ = {
			isa = PBXFrameworksBuildPhase;
			buildActionMask = 2147483647;
			files = (
			);
			runOnlyForDeploymentPostprocessing = 0;
		};
/* End PBXFrameworksBuildPhase section */

/* Begin PBXGroup section */
		6BFF980225C9253600D60BF3 = {
			isa = PBXGroup;
			children = (
				6BFF980D25C9253700D60BF3 /* OSA */,
				6BFF982425C9255400D60BF3 /* OSATests */,
				6BFF982F25C9255400D60BF3 /* OSAUITests */,
				6BFF980C25C9253700D60BF3 /* Products */,
			);
			sourceTree = "<group>";
		};
		6BFF980C25C9253700D60BF3 /* Products */ = {
			isa = PBXGroup;
			children = (
				6BFF980B25C9253700D60BF3 /* OSA.app */,
				6BFF982125C9255400D60BF3 /* OSATests.xctest */,
				6BFF982C25C9255400D60BF3 /* OSAUITests.xctest */,
			);
			name = Products;
			sourceTree = "<group>";
		};
		6BFF980D25C9253700D60BF3 /* OSA */ = {
			isa = PBXGroup;
			children = (
				6BFF980E25C9253700D60BF3 /* AppDelegate.swift */,
				6BFF981025C9253800D60BF3 /* SceneDelegate.swift */,
				6BFF981225C9253800D60BF3 /* ViewController.swift */,
				6BFF981425C9253800D60BF3 /* Main.storyboard */,
				6BFF981725C9255100D60BF3 /* Assets.xcassets */,
				6BFF981925C9255100D60BF3 /* LaunchScreen.storyboard */,
				6BFF981C25C9255100D60BF3 /* Info.plist */,
			);
			path = OSA;
			sourceTree = "<group>";
		};
		6BFF982425C9255400D60BF3 /* OSATests */ = {
			isa = PBXGroup;
			children = (
				6BFF982525C9255400D60BF3 /* OSATests.swift */,
				6BFF982725C9255400D60BF3 /* Info.plist */,
			);
			path = OSATests;
			sourceTree = "<group>";
		};
		6BFF982F25C9255400D60BF3 /* OSAUITests */ = {
			isa = PBXGroup;
			children = (
				6BFF983025C9255400D60BF3 /* OSAUITests.swift */,
				6BFF983225C9255400D60BF3 /* Info.plist */,
			);
			path = OSAUITests;
			sourceTree = "<group>";
		};
/* End PBXGroup section */

/* Begin PBXNativeTarget section */
		6BFF980A25C9253700D60BF3 /* OSA */ = {
			isa = PBXNativeTarget;
			buildConfigurationList = 6BFF983525C9255400D60BF3 /* Build configuration list for PBXNativeTarget "OSA" */;
			buildPhases = (
				6BFF980725C9253700D60BF3 /* Sources */,
				6BFF980825C9253700D60BF3 /* Frameworks */,
				6BFF980925C9253700D60BF3 /* Resources */,
			);
			buildRules = (
			);
			dependencies = (
			);
			name = OSA;
			productName = OSA;
			productReference = 6BFF980B25C9253700D60BF3 /* OSA.app */;
			productType = "com.apple.product-type.application";
		};
		6BFF982025C9255400D60BF3 /* OSATests */ = {
			isa = PBXNativeTarget;
			buildConfigurationList = 6BFF983825C9255400D60BF3 /* Build configuration list for PBXNativeTarget "OSATests" */;
			buildPhases = (
				6BFF981D25C9255400D60BF3 /* Sources */,
				6BFF981E25C9255400D60BF3 /* Frameworks */,
				6BFF981F25C9255400D60BF3 /* Resources */,
			);
			buildRules = (
			);
			dependencies = (
				6BFF982325C9255400D60BF3 /* PBXTargetDependency */,
			);
			name = OSATests;
			productName = OSATests;
			productReference = 6BFF982125C9255400D60BF3 /* OSATests.xctest */;
			productType = "com.apple.product-type.bundle.unit-test";
		};
		6BFF982B25C9255400D60BF3 /* OSAUITests */ = {
			isa = PBXNativeTarget;
			buildConfigurationList = 6BFF983B25C9255400D60BF3 /* Build configuration list for PBXNativeTarget "OSAUITests" */;
			buildPhases = (
				6BFF982825C9255400D60BF3 /* Sources */,
				6BFF982925C9255400D60BF3 /* Frameworks */,
				6BFF982A25C9255400D60BF3 /* Resources */,
			);
			buildRules = (
			);
			dependencies = (
				6BFF982E25C9255400D60BF3 /* PBXTargetDependency */,
			);
			name = OSAUITests;
			productName = OSAUITests;
			productReference = 6BFF982C25C9255400D60BF3 /* OSAUITests.xctest */;
			productType = "com.apple.product-type.bundle.ui-testing";
		};
/* End PBXNativeTarget section */

/* Begin PBXProject section */
		6BFF980325C9253600D60BF3 /* Project object */ = {
			isa = PBXProject;
			attributes = {
				LastSwiftUpdateCheck = 1210;
				LastUpgradeCheck = 1210;
				TargetAttributes = {
					6BFF980A25C9253700D60BF3 = {
						CreatedOnToolsVersion = 12.1;
					};
					6BFF982025C9255400D60BF3 = {
						CreatedOnToolsVersion = 12.1;
						TestTargetID = 6BFF980A25C9253700D60BF3;
					};
					6BFF982B25C9255400D60BF3 = {
						CreatedOnToolsVersion = 12.1;
						TestTargetID = 6BFF980A25C9253700D60BF3;
					};
				};
			};
			buildConfigurationList = 6BFF980625C9253600D60BF3 /* Build configuration list for PBXProject "OSA" */;
			compatibilityVersion = "Xcode 9.3";
			developmentRegion = en;
			hasScannedForEncodings = 0;
			knownRegions = (
				en,
				Base,
			);
			mainGroup = 6BFF980225C9253600D60BF3;
			productRefGroup = 6BFF980C25C9253700D60BF3 /* Products */;
			projectDirPath = "";
			projectRoot = "";
			targets = (
				6BFF980A25C9253700D60BF3 /* OSA */,
				6BFF982025C9255400D60BF3 /* OSATests */,
				6BFF982B25C9255400D60BF3 /* OSAUITests */,
			);
		};
/* End PBXProject section */

/* Begin PBXResourcesBuildPhase section */
		6BFF980925C9253700D60BF3 /* Resources */ = {
			isa = PBXResourcesBuildPhase;
			buildActionMask = 2147483647;
			files = (
				6BFF981B25C9255100D60BF3 /* LaunchScreen.storyboard in Resources */,
				6BFF981825C9255100D60BF3 /* Assets.xcassets in Resources */,
				6BFF981625C9253800D60BF3 /* Main.storyboard in Resources */,
			);
			runOnlyForDeploymentPostprocessing = 0;
		};
		6BFF981F25C9255400D60BF3 /* Resources */ = {
			isa = PBXResourcesBuildPhase;
			buildActionMask = 2147483647;
			files = (
			);
			runOnlyForDeploymentPostprocessing = 0;
		};
		6BFF982A25C9255400D60BF3 /* Resources */ = {
			isa = PBXResourcesBuildPhase;
			buildActionMask = 2147483647;
			files = (
			);
			runOnlyForDeploymentPostprocessing = 0;
		};
/* End PBXResourcesBuildPhase section */

/* Begin PBXSourcesBuildPhase section */
		6BFF980725C9253700D60BF3 /* Sources */ = {
			isa = PBXSourcesBuildPhase;
			buildActionMask = 2147483647;
			files = (
				6BFF981325C9253800D60BF3 /* ViewController.swift in Sources */,
				6BFF980F25C9253700D60BF3 /* AppDelegate.swift in Sources */,
				6BFF981125C9253800D60BF3 /* SceneDelegate.swift in Sources */,
			);
			runOnlyForDeploymentPostprocessing = 0;
		};
		6BFF981D25C9255400D60BF3 /* Sources */ = {
			isa = PBXSourcesBuildPhase;
			buildActionMask = 2147483647;
			files = (
				6BFF982625C9255400D60BF3 /* OSATests.swift in Sources */,
			);
			runOnlyForDeploymentPostprocessing = 0;
		};
		6BFF982825C9255400D60BF3 /* Sources */ = {
			isa = PBXSourcesBuildPhase;
			buildActionMask = 2147483647;
			files = (
				6BFF983125C9255400D60BF3 /* OSAUITests.swift in Sources */,
			);
			runOnlyForDeploymentPostprocessing = 0;
		};
/* End PBXSourcesBuildPhase section */

/* Begin PBXTargetDependency section */
		6BFF982325C9255400D60BF3 /* PBXTargetDependency */ = {
			isa = PBXTargetDependency;
			target = 6BFF980A25C9253700D60BF3 /* OSA */;
			targetProxy = 6BFF982225C9255400D60BF3 /* PBXContainerItemProxy */;
		};
		6BFF982E25C9255400D60BF3 /* PBXTargetDependency */ = {
			isa = PBXTargetDependency;
			target = 6BFF980A25C9253700D60BF3 /* OSA */;
			targetProxy = 6BFF982D25C9255400D60BF3 /* PBXContainerItemProxy */;
		};
/* End PBXTargetDependency section */

/* Begin PBXVariantGroup section */
		6BFF981425C9253800D60BF3 /* Main.storyboard */ = {
			isa = PBXVariantGroup;
			children = (
				6BFF981525C9253800D60BF3 /* Base */,
			);
			name = Main.storyboard;
			sourceTree = "<group>";
		};
		6BFF981925C9255100D60BF3 /* LaunchScreen.storyboard */ = {
			isa = PBXVariantGroup;
			children = (
				6BFF981A25C9255100D60BF3 /* Base */,
			);
			name = LaunchScreen.storyboard;
			sourceTree = "<group>";
		};
/* End PBXVariantGroup section */

/* Begin XCBuildConfiguration section */
		6BFF983325C9255400D60BF3 /* Debug */ = {
			isa = XCBuildConfiguration;
			buildSettings = {
				ALWAYS_SEARCH_USER_PATHS = NO;
				CLANG_ANALYZER_NONNULL = YES;
				CLANG_ANALYZER_NUMBER_OBJECT_CONVERSION = YES_AGGRESSIVE;
				CLANG_CXX_LANGUAGE_STANDARD = "gnu++14";
				CLANG_CXX_LIBRARY = "libc++";
				CLANG_ENABLE_MODULES = YES;
				CLANG_ENABLE_OBJC_ARC = YES;
				CLANG_ENABLE_OBJC_WEAK = YES;
				CLANG_WARN_BLOCK_CAPTURE_AUTORELEASING = YES;
				CLANG_WARN_BOOL_CONVERSION = YES;
				CLANG_WARN_COMMA = YES;
				CLANG_WARN_CONSTANT_CONVERSION = YES;
				CLANG_WARN_DEPRECATED_OBJC_IMPLEMENTATIONS = YES;
				CLANG_WARN_DIRECT_OBJC_ISA_USAGE = YES_ERROR;
				CLANG_WARN_DOCUMENTATION_COMMENTS = YES;
				CLANG_WARN_EMPTY_BODY = YES;
				CLANG_WARN_ENUM_CONVERSION = YES;
				CLANG_WARN_INFINITE_RECURSION = YES;
				CLANG_WARN_INT_CONVERSION = YES;
				CLANG_WARN_NON_LITERAL_NULL_CONVERSION = YES;
				CLANG_WARN_OBJC_IMPLICIT_RETAIN_SELF = YES;
				CLANG_WARN_OBJC_LITERAL_CONVERSION = YES;
				CLANG_WARN_OBJC_ROOT_CLASS = YES_ERROR;
				CLANG_WARN_QUOTED_INCLUDE_IN_FRAMEWORK_HEADER = YES;
				CLANG_WARN_RANGE_LOOP_ANALYSIS = YES;
				CLANG_WARN_STRICT_PROTOTYPES = YES;
				CLANG_WARN_SUSPICIOUS_MOVE = YES;
				CLANG_WARN_UNGUARDED_AVAILABILITY = YES_AGGRESSIVE;
				CLANG_WARN_UNREACHABLE_CODE = YES;
				CLANG_WARN__DUPLICATE_METHOD_MATCH = YES;
				COPY_PHASE_STRIP = NO;
				DEBUG_INFORMATION_FORMAT = dwarf;
				ENABLE_STRICT_OBJC_MSGSEND = YES;
				ENABLE_TESTABILITY = YES;
				GCC_C_LANGUAGE_STANDARD = gnu11;
				GCC_DYNAMIC_NO_PIC = NO;
				GCC_NO_COMMON_BLOCKS = YES;
				GCC_OPTIMIZATION_LEVEL = 0;
				GCC_PREPROCESSOR_DEFINITIONS = (
					"DEBUG=1",
					"$(inherited)",
				);
				GCC_WARN_64_TO_32_BIT_CONVERSION = YES;
				GCC_WARN_ABOUT_RETURN_TYPE = YES_ERROR;
				GCC_WARN_UNDECLARED_SELECTOR = YES;
				GCC_WARN_UNINITIALIZED_AUTOS = YES_AGGRESSIVE;
				GCC_WARN_UNUSED_FUNCTION = YES;
				GCC_WARN_UNUSED_VARIABLE = YES;
				IPHONEOS_DEPLOYMENT_TARGET = 14.1;
				MTL_ENABLE_DEBUG_INFO = INCLUDE_SOURCE;
				MTL_FAST_MATH = YES;
				ONLY_ACTIVE_ARCH = YES;
				SDKROOT = iphoneos;
				SWIFT_ACTIVE_COMPILATION_CONDITIONS = DEBUG;
				SWIFT_OPTIMIZATION_LEVEL = "-Onone";
			};
			name = Debug;
		};
		6BFF983425C9255400D60BF3 /* Release */ = {
			isa = XCBuildConfiguration;
			buildSettings = {
				ALWAYS_SEARCH_USER_PATHS = NO;
				CLANG_ANALYZER_NONNULL = YES;
				CLANG_ANALYZER_NUMBER_OBJECT_CONVERSION = YES_AGGRESSIVE;
				CLANG_CXX_LANGUAGE_STANDARD = "gnu++14";
				CLANG_CXX_LIBRARY = "libc++";
				CLANG_ENABLE_MODULES = YES;
				CLANG_ENABLE_OBJC_ARC = YES;
				CLANG_ENABLE_OBJC_WEAK = YES;
				CLANG_WARN_BLOCK_CAPTURE_AUTORELEASING = YES;
				CLANG_WARN_BOOL_CONVERSION = YES;
				CLANG_WARN_COMMA = YES;
				CLANG_WARN_CONSTANT_CONVERSION = YES;
				CLANG_WARN_DEPRECATED_OBJC_IMPLEMENTATIONS = YES;
				CLANG_WARN_DIRECT_OBJC_ISA_USAGE = YES_ERROR;
				CLANG_WARN_DOCUMENTATION_COMMENTS = YES;
				CLANG_WARN_EMPTY_BODY = YES;
				CLANG_WARN_ENUM_CONVERSION = YES;
				CLANG_WARN_INFINITE_RECURSION = YES;
				CLANG_WARN_INT_CONVERSION = YES;
				CLANG_WARN_NON_LITERAL_NULL_CONVERSION = YES;
				CLANG_WARN_OBJC_IMPLICIT_RETAIN_SELF = YES;
				CLANG_WARN_OBJC_LITERAL_CONVERSION = YES;
				CLANG_WARN_OBJC_ROOT_CLASS = YES_ERROR;
				CLANG_WARN_QUOTED_INCLUDE_IN_FRAMEWORK_HEADER = YES;
				CLANG_WARN_RANGE_LOOP_ANALYSIS = YES;
				CLANG_WARN_STRICT_PROTOTYPES = YES;
				CLANG_WARN_SUSPICIOUS_MOVE = YES;
				CLANG_WARN_UNGUARDED_AVAILABILITY = YES_AGGRESSIVE;
				CLANG_WARN_UNREACHABLE_CODE = YES;
				CLANG_WARN__DUPLICATE_METHOD_MATCH = YES;
				COPY_PHASE_STRIP = NO;
				DEBUG_INFORMATION_FORMAT = "dwarf-with-dsym";
				ENABLE_NS_ASSERTIONS = NO;
				ENABLE_STRICT_OBJC_MSGSEND = YES;
				GCC_C_LANGUAGE_STANDARD = gnu11;
				GCC_NO_COMMON_BLOCKS = YES;
				GCC_WARN_64_TO_32_BIT_CONVERSION = YES;
				GCC_WARN_ABOUT_RETURN_TYPE = YES_ERROR;
				GCC_WARN_UNDECLARED_SELECTOR = YES;
				GCC_WARN_UNINITIALIZED_AUTOS = YES_AGGRESSIVE;
				GCC_WARN_UNUSED_FUNCTION = YES;
				GCC_WARN_UNUSED_VARIABLE = YES;
				IPHONEOS_DEPLOYMENT_TARGET = 14.1;
				MTL_ENABLE_DEBUG_INFO = NO;
				MTL_FAST_MATH = YES;
				SDKROOT = iphoneos;
				SWIFT_COMPILATION_MODE = wholemodule;
				SWIFT_OPTIMIZATION_LEVEL = "-O";
				VALIDATE_PRODUCT = YES;
			};
			name = Release;
		};
		6BFF983625C9255400D60BF3 /* Debug */ = {
			isa = XCBuildConfiguration;
			buildSettings = {
				ASSETCATALOG_COMPILER_APPICON_NAME = AppIcon;
				ASSETCATALOG_COMPILER_GLOBAL_ACCENT_COLOR_NAME = AccentColor;
				CODE_SIGN_STYLE = Automatic;
				DEVELOPMENT_TEAM = 6V986NC4N5;
				INFOPLIST_FILE = OSA/Info.plist;
				LD_RUNPATH_SEARCH_PATHS = (
					"$(inherited)",
					"@executable_path/Frameworks",
				);
				PRODUCT_BUNDLE_IDENTIFIER = com.hst.OSA;
				PRODUCT_NAME = "$(TARGET_NAME)";
				SWIFT_VERSION = 5.0;
				TARGETED_DEVICE_FAMILY = "1,2";
			};
			name = Debug;
		};
		6BFF983725C9255400D60BF3 /* Release */ = {
			isa = XCBuildConfiguration;
			buildSettings = {
				ASSETCATALOG_COMPILER_APPICON_NAME = AppIcon;
				ASSETCATALOG_COMPILER_GLOBAL_ACCENT_COLOR_NAME = AccentColor;
				CODE_SIGN_STYLE = Automatic;
				DEVELOPMENT_TEAM = 6V986NC4N5;
				INFOPLIST_FILE = OSA/Info.plist;
				LD_RUNPATH_SEARCH_PATHS = (
					"$(inherited)",
					"@executable_path/Frameworks",
				);
				PRODUCT_BUNDLE_IDENTIFIER = com.hst.OSA;
				PRODUCT_NAME = "$(TARGET_NAME)";
				SWIFT_VERSION = 5.0;
				TARGETED_DEVICE_FAMILY = "1,2";
			};
			name = Release;
		};
		6BFF983925C9255400D60BF3 /* Debug */ = {
			isa = XCBuildConfiguration;
			buildSettings = {
				ALWAYS_EMBED_SWIFT_STANDARD_LIBRARIES = YES;
				BUNDLE_LOADER = "$(TEST_HOST)";
				CODE_SIGN_STYLE = Automatic;
				DEVELOPMENT_TEAM = 6V986NC4N5;
				INFOPLIST_FILE = OSATests/Info.plist;
				IPHONEOS_DEPLOYMENT_TARGET = 14.1;
				LD_RUNPATH_SEARCH_PATHS = (
					"$(inherited)",
					"@executable_path/Frameworks",
					"@loader_path/Frameworks",
				);
				PRODUCT_BUNDLE_IDENTIFIER = com.hst.OSATests;
				PRODUCT_NAME = "$(TARGET_NAME)";
				SWIFT_VERSION = 5.0;
				TARGETED_DEVICE_FAMILY = "1,2";
				TEST_HOST = "$(BUILT_PRODUCTS_DIR)/OSA.app/OSA";
			};
			name = Debug;
		};
		6BFF983A25C9255400D60BF3 /* Release */ = {
			isa = XCBuildConfiguration;
			buildSettings = {
				ALWAYS_EMBED_SWIFT_STANDARD_LIBRARIES = YES;
				BUNDLE_LOADER = "$(TEST_HOST)";
				CODE_SIGN_STYLE = Automatic;
				DEVELOPMENT_TEAM = 6V986NC4N5;
				INFOPLIST_FILE = OSATests/Info.plist;
				IPHONEOS_DEPLOYMENT_TARGET = 14.1;
				LD_RUNPATH_SEARCH_PATHS = (
					"$(inherited)",
					"@executable_path/Frameworks",
					"@loader_path/Frameworks",
				);
				PRODUCT_BUNDLE_IDENTIFIER = com.hst.OSATests;
				PRODUCT_NAME = "$(TARGET_NAME)";
				SWIFT_VERSION = 5.0;
				TARGETED_DEVICE_FAMILY = "1,2";
				TEST_HOST = "$(BUILT_PRODUCTS_DIR)/OSA.app/OSA";
			};
			name = Release;
		};
		6BFF983C25C9255400D60BF3 /* Debug */ = {
			isa = XCBuildConfiguration;
			buildSettings = {
				ALWAYS_EMBED_SWIFT_STANDARD_LIBRARIES = YES;
				CODE_SIGN_STYLE = Automatic;
				DEVELOPMENT_TEAM = 6V986NC4N5;
				INFOPLIST_FILE = OSAUITests/Info.plist;
				LD_RUNPATH_SEARCH_PATHS = (
					"$(inherited)",
					"@executable_path/Frameworks",
					"@loader_path/Frameworks",
				);
				PRODUCT_BUNDLE_IDENTIFIER = com.hst.OSAUITests;
				PRODUCT_NAME = "$(TARGET_NAME)";
				SWIFT_VERSION = 5.0;
				TARGETED_DEVICE_FAMILY = "1,2";
				TEST_TARGET_NAME = OSA;
			};
			name = Debug;
		};
		6BFF983D25C9255400D60BF3 /* Release */ = {
			isa = XCBuildConfiguration;
			buildSettings = {
				ALWAYS_EMBED_SWIFT_STANDARD_LIBRARIES = YES;
				CODE_SIGN_STYLE = Automatic;
				DEVELOPMENT_TEAM = 6V986NC4N5;
				INFOPLIST_FILE = OSAUITests/Info.plist;
				LD_RUNPATH_SEARCH_PATHS = (
					"$(inherited)",
					"@executable_path/Frameworks",
					"@loader_path/Frameworks",
				);
				PRODUCT_BUNDLE_IDENTIFIER = com.hst.OSAUITests;
				PRODUCT_NAME = "$(TARGET_NAME)";
				SWIFT_VERSION = 5.0;
				TARGETED_DEVICE_FAMILY = "1,2";
				TEST_TARGET_NAME = OSA;
			};
			name = Release;
		};
/* End XCBuildConfiguration section */

/* Begin XCConfigurationList section */
		6BFF980625C9253600D60BF3 /* Build configuration list for PBXProject "OSA" */ = {
			isa = XCConfigurationList;
			buildConfigurations = (
				6BFF983325C9255400D60BF3 /* Debug */,
				6BFF983425C9255400D60BF3 /* Release */,
			);
			defaultConfigurationIsVisible = 0;
			defaultConfigurationName = Release;
		};
		6BFF983525C9255400D60BF3 /* Build configuration list for PBXNativeTarget "OSA" */ = {
			isa = XCConfigurationList;
			buildConfigurations = (
				6BFF983625C9255400D60BF3 /* Debug */,
				6BFF983725C9255400D60BF3 /* Release */,
			);
			defaultConfigurationIsVisible = 0;
			defaultConfigurationName = Release;
		};
		6BFF983825C9255400D60BF3 /* Build configuration list for PBXNativeTarget "OSATests" */ = {
			isa = XCConfigurationList;
			buildConfigurations = (
				6BFF983925C9255400D60BF3 /* Debug */,
				6BFF983A25C9255400D60BF3 /* Release */,
			);
			defaultConfigurationIsVisible = 0;
			defaultConfigurationName = Release;
		};
		6BFF983B25C9255400D60BF3 /* Build configuration list for PBXNativeTarget "OSAUITests" */ = {
			isa = XCConfigurationList;
			buildConfigurations = (
				6BFF983C25C9255400D60BF3 /* Debug */,
				6BFF983D25C9255400D60BF3 /* Release */,
			);
			defaultConfigurationIsVisible = 0;
			defaultConfigurationName = Release;
		};
/* End XCConfigurationList section */
	};
	rootObject = 6BFF980325C9253600D60BF3 /* Project object */;
}
